
Microsoft Visual Studio Solution File, Format Version 12.00
# Visual Studio Version 17
VisualStudioVersion = 17.0.31903.59
MinimumVisualStudioVersion = 10.0.40219.1
Project("{2150E333-8FDC-42A3-9474-1A3956D46DE8}") = "src", "src", "{827E0CD3-B72D-47B6-A68D-7590B98EB39B}"
EndProject
Project("{2150E333-8FDC-42A3-9474-1A3956D46DE8}") = "client", "client", "{C5A3B5EA-BE9F-76E5-E9B8-8A22B289B295}"
EndProject
Project("{2150E333-8FDC-42A3-9474-1A3956D46DE8}") = "App", "App", "{D225E05F-7653-FB25-3A9B-36ACD264FE61}"
EndProject
Project("{FAE04EC0-301F-11D3-BF4B-00C04F79EFBC}") = "Chat.App", "src\client\App\Chat.App.csproj", "{AF4473C5-41CB-4736-BF28-9395B22030BB}"
EndProject
Project("{2150E333-8FDC-42A3-9474-1A3956D46DE8}") = "Core", "Core", "{727349DD-E193-7FAF-CA9F-3A3A7EA1001A}"
EndProject
Project("{FAE04EC0-301F-11D3-BF4B-00C04F79EFBC}") = "Chat.Core", "src\client\Core\Chat.Core.csproj", "{0A00BE33-2866-4434-8C0B-B09BA7776245}"
EndProject
Project("{2150E333-8FDC-42A3-9474-1A3956D46DE8}") = "Domain", "Domain", "{CAEB2A34-4696-82A6-D23F-B52A7C1208AE}"
EndProject
Project("{FAE04EC0-301F-11D3-BF4B-00C04F79EFBC}") = "Chat.Domain", "src\client\Domain\Chat.Domain.csproj", "{187D0E8C-7C84-4C6C-90AE-B9E7D48E2AEE}"
EndProject
Project("{2150E333-8FDC-42A3-9474-1A3956D46DE8}") = "Protocol", "Protocol", "{7C7FE2D2-A95F-7EF0-55BF-37029BBDF0B5}"
EndProject
Project("{FAE04EC0-301F-11D3-BF4B-00C04F79EFBC}") = "Chat.Protocol", "src\client\Protocol\Chat.Protocol.csproj", "{8BDDBCD7-1F1C-41FC-9249-7639F1D278C8}"
EndProject
Project("{2150E333-8FDC-42A3-9474-1A3956D46DE8}") = "Networking", "Networking", "{36DB75F6-FB23-A8D0-D8C2-E86A5932920B}"
EndProject
Project("{FAE04EC0-301F-11D3-BF4B-00C04F79EFBC}") = "Chat.Networking", "src\client\Networking\Chat.Networking.csproj", "{0E3C66A0-E762-4E85-AFF0-D04556DB0C53}"
EndProject
Project("{2150E333-8FDC-42A3-9474-1A3956D46DE8}") = "Storage", "Storage", "{7828C020-3745-5D1B-B475-04384BF7AC45}"
EndProject
Project("{FAE04EC0-301F-11D3-BF4B-00C04F79EFBC}") = "Chat.Storage", "src\client\Storage\Chat.Storage.csproj", "{EFBE249B-326F-4592-BF4D-753C0B527640}"
EndProject
Project("{2150E333-8FDC-42A3-9474-1A3956D46DE8}") = "Media", "Media", "{1066EE4E-A94E-4A56-BCEB-A54ECA50B841}"
EndProject
Project("{FAE04EC0-301F-11D3-BF4B-00C04F79EFBC}") = "Chat.Media", "src\client\Media\Chat.Media.csproj", "{A6DF6CE5-2F99-4BF5-B4BC-E729E287E440}"
EndProject
Project("{2150E333-8FDC-42A3-9474-1A3956D46DE8}") = "UI", "UI", "{17573A50-CB2A-9EF4-F390-2FB9FEC35C6E}"
EndProject
Project("{FAE04EC0-301F-11D3-BF4B-00C04F79EFBC}") = "Chat.UI", "src\client\UI\Chat.UI.csproj", "{AEA77F06-3D67-49C9-BA98-8D54F67A7054}"
EndProject
Project("{2150E333-8FDC-42A3-9474-1A3956D46DE8}") = "tests", "tests", "{0AB3BF05-4346-4AA6-1389-037BE0695223}"
EndProject
Project("{2150E333-8FDC-42A3-9474-1A3956D46DE8}") = "client", "client", "{7666E21D-583E-E4FE-A88E-7F4FC790134B}"
EndProject
Project("{FAE04EC0-301F-11D3-BF4B-00C04F79EFBC}") = "Chat.FoundationChecks", "tests\client\Chat.FoundationChecks.csproj", "{A6E3DCCB-A420-49EA-8D6C-3A90833917E5}"
EndProject
Global
	GlobalSection(SolutionConfigurationPlatforms) = preSolution
		Debug|Any CPU = Debug|Any CPU
		Debug|x64 = Debug|x64
		Debug|x86 = Debug|x86
		Release|Any CPU = Release|Any CPU
		Release|x64 = Release|x64
		Release|x86 = Release|x86
	EndGlobalSection
	GlobalSection(ProjectConfigurationPlatforms) = postSolution
		{AF4473C5-41CB-4736-BF28-9395B22030BB}.Debug|Any CPU.ActiveCfg = Debug|Any CPU
		{AF4473C5-41CB-4736-BF28-9395B22030BB}.Debug|Any CPU.Build.0 = Debug|Any CPU
		{AF4473C5-41CB-4736-BF28-9395B22030BB}.Debug|x64.ActiveCfg = Debug|Any CPU
		{AF4473C5-41CB-4736-BF28-9395B22030BB}.Debug|x64.Build.0 = Debug|Any CPU
		{AF4473C5-41CB-4736-BF28-9395B22030BB}.Debug|x86.ActiveCfg = Debug|Any CPU
		{AF4473C5-41CB-4736-BF28-9395B22030BB}.Debug|x86.Build.0 = Debug|Any CPU
		{AF4473C5-41CB-4736-BF28-9395B22030BB}.Release|Any CPU.ActiveCfg = Release|Any CPU
		{AF4473C5-41CB-4736-BF28-9395B22030BB}.Release|Any CPU.Build.0 = Release|Any CPU
		{AF4473C5-41CB-4736-BF28-9395B22030BB}.Release|x64.ActiveCfg = Release|Any CPU
		{AF4473C5-41CB-4736-BF28-9395B22030BB}.Release|x64.Build.0 = Release|Any CPU
		{AF4473C5-41CB-4736-BF28-9395B22030BB}.Release|x86.ActiveCfg = Release|Any CPU
		{AF4473C5-41CB-4736-BF28-9395B22030BB}.Release|x86.Build.0 = Release|Any CPU
		{0A00BE33-2866-4434-8C0B-B09BA7776245}.Debug|Any CPU.ActiveCfg = Debug|Any CPU
		{0A00BE33-2866-4434-8C0B-B09BA7776245}.Debug|Any CPU.Build.0 = Debug|Any CPU
		{0A00BE33-2866-4434-8C0B-B09BA7776245}.Debug|x64.ActiveCfg = Debug|Any CPU
		{0A00BE33-2866-4434-8C0B-B09BA7776245}.Debug|x64.Build.0 = Debug|Any CPU
		{0A00BE33-2866-4434-8C0B-B09BA7776245}.Debug|x86.ActiveCfg = Debug|Any CPU
		{0A00BE33-2866-4434-8C0B-B09BA7776245}.Debug|x86.Build.0 = Debug|Any CPU
		{0A00BE33-2866-4434-8C0B-B09BA7776245}.Release|Any CPU.ActiveCfg = Release|Any CPU
		{0A00BE33-2866-4434-8C0B-B09BA7776245}.Release|Any CPU.Build.0 = Release|Any CPU
		{0A00BE33-2866-4434-8C0B-B09BA7776245}.Release|x64.ActiveCfg = Release|Any CPU
		{0A00BE33-2866-4434-8C0B-B09BA7776245}.Release|x64.Build.0 = Release|Any CPU
		{0A00BE33-2866-4434-8C0B-B09BA7776245}.Release|x86.ActiveCfg = Release|Any CPU
		{0A00BE33-2866-4434-8C0B-B09BA7776245}.Release|x86.Build.0 = Release|Any CPU
		{187D0E8C-7C84-4C6C-90AE-B9E7D48E2AEE}.Debug|Any CPU.ActiveCfg = Debug|Any CPU
		{187D0E8C-7C84-4C6C-90AE-B9E7D48E2AEE}.Debug|Any CPU.Build.0 = Debug|Any CPU
		{187D0E8C-7C84-4C6C-90AE-B9E7D48E2AEE}.Debug|x64.ActiveCfg = Debug|Any CPU
		{187D0E8C-7C84-4C6C-90AE-B9E7D48E2AEE}.Debug|x64.Build.0 = Debug|Any CPU
		{187D0E8C-7C84-4C6C-90AE-B9E7D48E2AEE}.Debug|x86.ActiveCfg = Debug|Any CPU
		{187D0E8C-7C84-4C6C-90AE-B9E7D48E2AEE}.Debug|x86.Build.0 = Debug|Any CPU
		{187D0E8C-7C84-4C6C-90AE-B9E7D48E2AEE}.Release|Any CPU.ActiveCfg = Release|Any CPU
		{187D0E8C-7C84-4C6C-90AE-B9E7D48E2AEE}.Release|Any CPU.Build.0 = Release|Any CPU
		{187D0E8C-7C84-4C6C-90AE-B9E7D48E2AEE}.Release|x64.ActiveCfg = Release|Any CPU
		{187D0E8C-7C84-4C6C-90AE-B9E7D48E2AEE}.Release|x64.Build.0 = Release|Any CPU
		{187D0E8C-7C84-4C6C-90AE-B9E7D48E2AEE}.Release|x86.ActiveCfg = Release|Any CPU
		{187D0E8C-7C84-4C6C-90AE-B9E7D48E2AEE}.Release|x86.Build.0 = Release|Any CPU
		{8BDDBCD7-1F1C-41FC-9249-7639F1D278C8}.Debug|Any CPU.ActiveCfg = Debug|Any CPU
		{8BDDBCD7-1F1C-41FC-9249-7639F1D278C8}.Debug|Any CPU.Build.0 = Debug|Any CPU
		{8BDDBCD7-1F1C-41FC-9249-7639F1D278C8}.Debug|x64.ActiveCfg = Debug|Any CPU
		{8BDDBCD7-1F1C-41FC-9249-7639F1D278C8}.Debug|x64.Build.0 = Debug|Any CPU
		{8BDDBCD7-1F1C-41FC-9249-7639F1D278C8}.Debug|x86.ActiveCfg = Debug|Any CPU
		{8BDDBCD7-1F1C-41FC-9249-7639F1D278C8}.Debug|x86.Build.0 = Debug|Any CPU
		{8BDDBCD7-1F1C-41FC-9249-7639F1D278C8}.Release|Any CPU.ActiveCfg = Release|Any CPU
		{8BDDBCD7-1F1C-41FC-9249-7639F1D278C8}.Release|Any CPU.Build.0 = Release|Any CPU
		{8BDDBCD7-1F1C-41FC-9249-7639F1D278C8}.Release|x64.ActiveCfg = Release|Any CPU
		{8BDDBCD7-1F1C-41FC-9249-7639F1D278C8}.Release|x64.Build.0 = Release|Any CPU
		{8BDDBCD7-1F1C-41FC-9249-7639F1D278C8}.Release|x86.ActiveCfg = Release|Any CPU
		{8BDDBCD7-1F1C-41FC-9249-7639F1D278C8}.Release|x86.Build.0 = Release|Any CPU
		{0E3C66A0-E762-4E85-AFF0-D04556DB0C53}.Debug|Any CPU.ActiveCfg = Debug|Any CPU
		{0E3C66A0-E762-4E85-AFF0-D04556DB0C53}.Debug|Any CPU.Build.0 = Debug|Any CPU
		{0E3C66A0-E762-4E85-AFF0-D04556DB0C53}.Debug|x64.ActiveCfg = Debug|Any CPU
		{0E3C66A0-E762-4E85-AFF0-D04556DB0C53}.Debug|x64.Build.0 = Debug|Any CPU
		{0E3C66A0-E762-4E85-AFF0-D04556DB0C53}.Debug|x86.ActiveCfg = Debug|Any CPU
		{0E3C66A0-E762-4E85-AFF0-D04556DB0C53}.Debug|x86.Build.0 = Debug|Any CPU
		{0E3C66A0-E762-4E85-AFF0-D04556DB0C53}.Release|Any CPU.ActiveCfg = Release|Any CPU
		{0E3C66A0-E762-4E85-AFF0-D04556DB0C53}.Release|Any CPU.Build.0 = Release|Any CPU
		{0E3C66A0-E762-4E85-AFF0-D04556DB0C53}.Release|x64.ActiveCfg = Release|Any CPU
		{0E3C66A0-E762-4E85-AFF0-D04556DB0C53}.Release|x64.Build.0 = Release|Any CPU
		{0E3C66A0-E762-4E85-AFF0-D04556DB0C53}.Release|x86.ActiveCfg = Release|Any CPU
		{0E3C66A0-E762-4E85-AFF0-D04556DB0C53}.Release|x86.Build.0 = Release|Any CPU
		{EFBE249B-326F-4592-BF4D-753C0B527640}.Debug|Any CPU.ActiveCfg = Debug|Any CPU
		{EFBE249B-326F-4592-BF4D-753C0B527640}.Debug|Any CPU.Build.0 = Debug|Any CPU
		{EFBE249B-326F-4592-BF4D-753C0B527640}.Debug|x64.ActiveCfg = Debug|Any CPU
		{EFBE249B-326F-4592-BF4D-753C0B527640}.Debug|x64.Build.0 = Debug|Any CPU
		{EFBE249B-326F-4592-BF4D-753C0B527640}.Debug|x86.ActiveCfg = Debug|Any CPU
		{EFBE249B-326F-4592-BF4D-753C0B527640}.Debug|x86.Build.0 = Debug|Any CPU
		{EFBE249B-326F-4592-BF4D-753C0B527640}.Release|Any CPU.ActiveCfg = Release|Any CPU
		{EFBE249B-326F-4592-BF4D-753C0B527640}.Release|Any CPU.Build.0 = Release|Any CPU
		{EFBE249B-326F-4592-BF4D-753C0B527640}.Release|x64.ActiveCfg = Release|Any CPU
		{EFBE249B-326F-4592-BF4D-753C0B527640}.Release|x64.Build.0 = Release|Any CPU
		{EFBE249B-326F-4592-BF4D-753C0B527640}.Release|x86.ActiveCfg = Release|Any CPU
		{EFBE249B-326F-4592-BF4D-753C0B527640}.Release|x86.Build.0 = Release|Any CPU
		{A6DF6CE5-2F99-4BF5-B4BC-E729E287E440}.Debug|Any CPU.ActiveCfg = Debug|Any CPU
		{A6DF6CE5-2F99-4BF5-B4BC-E729E287E440}.Debug|Any CPU.Build.0 = Debug|Any CPU
		{A6DF6CE5-2F99-4BF5-B4BC-E729E287E440}.Debug|x64.ActiveCfg = Debug|Any CPU
		{A6DF6CE5-2F99-4BF5-B4BC-E729E287E440}.Debug|x64.Build.0 = Debug|Any CPU
		{A6DF6CE5-2F99-4BF5-B4BC-E729E287E440}.Debug|x86.ActiveCfg = Debug|Any CPU
		{A6DF6CE5-2F99-4BF5-B4BC-E729E287E440}.Debug|x86.Build.0 = Debug|Any CPU
		{A6DF6CE5-2F99-4BF5-B4BC-E729E287E440}.Release|Any CPU.ActiveCfg = Release|Any CPU
		{A6DF6CE5-2F99-4BF5-B4BC-E729E287E440}.Release|Any CPU.Build.0 = Release|Any CPU
		{A6DF6CE5-2F99-4BF5-B4BC-E729E287E440}.Release|x64.ActiveCfg = Release|Any CPU
		{A6DF6CE5-2F99-4BF5-B4BC-E729E287E440}.Release|x64.Build.0 = Release|Any CPU
		{A6DF6CE5-2F99-4BF5-B4BC-E729E287E440}.Release|x86.ActiveCfg = Release|Any CPU
		{A6DF6CE5-2F99-4BF5-B4BC-E729E287E440}.Release|x86.Build.0 = Release|Any CPU
		{AEA77F06-3D67-49C9-BA98-8D54F67A7054}.Debug|Any CPU.ActiveCfg = Debug|Any CPU
		{AEA77F06-3D67-49C9-BA98-8D54F67A7054}.Debug|Any CPU.Build.0 = Debug|Any CPU
		{AEA77F06-3D67-49C9-BA98-8D54F67A7054}.Debug|x64.ActiveCfg = Debug|Any CPU
		{AEA77F06-3D67-49C9-BA98-8D54F67A7054}.Debug|x64.Build.0 = Debug|Any CPU
		{AEA77F06-3D67-49C9-BA98-8D54F67A7054}.Debug|x86.ActiveCfg = Debug|Any CPU
		{AEA77F06-3D67-49C9-BA98-8D54F67A7054}.Debug|x86.Build.0 = Debug|Any CPU
		{AEA77F06-3D67-49C9-BA98-8D54F67A7054}.Release|Any CPU.ActiveCfg = Release|Any CPU
		{AEA77F06-3D67-49C9-BA98-8D54F67A7054}.Release|Any CPU.Build.0 = Release|Any CPU
		{AEA77F06-3D67-49C9-BA98-8D54F67A7054}.Release|x64.ActiveCfg = Release|Any CPU
		{AEA77F06-3D67-49C9-BA98-8D54F67A7054}.Release|x64.Build.0 = Release|Any CPU
		{AEA77F06-3D67-49C9-BA98-8D54F67A7054}.Release|x86.ActiveCfg = Release|Any CPU
		{AEA77F06-3D67-49C9-BA98-8D54F67A7054}.Release|x86.Build.0 = Release|Any CPU
		{A6E3DCCB-A420-49EA-8D6C-3A90833917E5}.Debug|Any CPU.ActiveCfg = Debug|Any CPU
		{A6E3DCCB-A420-49EA-8D6C-3A90833917E5}.Debug|Any CPU.Build.0 = Debug|Any CPU
		{A6E3DCCB-A420-49EA-8D6C-3A90833917E5}.Debug|x64.ActiveCfg = Debug|Any CPU
		{A6E3DCCB-A420-49EA-8D6C-3A90833917E5}.Debug|x64.Build.0 = Debug|Any CPU
		{A6E3DCCB-A420-49EA-8D6C-3A90833917E5}.Debug|x86.ActiveCfg = Debug|Any CPU
		{A6E3DCCB-A420-49EA-8D6C-3A90833917E5}.Debug|x86.Build.0 = Debug|Any CPU
		{A6E3DCCB-A420-49EA-8D6C-3A90833917E5}.Release|Any CPU.ActiveCfg = Release|Any CPU
		{A6E3DCCB-A420-49EA-8D6C-3A90833917E5}.Release|Any CPU.Build.0 = Release|Any CPU
		{A6E3DCCB-A420-49EA-8D6C-3A90833917E5}.Release|x64.ActiveCfg = Release|Any CPU
		{A6E3DCCB-A420-49EA-8D6C-3A90833917E5}.Release|x64.Build.0 = Release|Any CPU
		{A6E3DCCB-A420-49EA-8D6C-3A90833917E5}.Release|x86.ActiveCfg = Release|Any CPU
		{A6E3DCCB-A420-49EA-8D6C-3A90833917E5}.Release|x86.Build.0 = Release|Any CPU
	EndGlobalSection
	GlobalSection(SolutionProperties) = preSolution
		HideSolutionNode = FALSE
	EndGlobalSection
	GlobalSection(NestedProjects) = preSolution
		{C5A3B5EA-BE9F-76E5-E9B8-8A22B289B295} = {827E0CD3-B72D-47B6-A68D-7590B98EB39B}
		{D225E05F-7653-FB25-3A9B-36ACD264FE61} = {C5A3B5EA-BE9F-76E5-E9B8-8A22B289B295}
		{AF4473C5-41CB-4736-BF28-9395B22030BB} = {D225E05F-7653-FB25-3A9B-36ACD264FE61}
		{727349DD-E193-7FAF-CA9F-3A3A7EA1001A} = {C5A3B5EA-BE9F-76E5-E9B8-8A22B289B295}
		{0A00BE33-2866-4434-8C0B-B09BA7776245} = {727349DD-E193-7FAF-CA9F-3A3A7EA1001A}
		{CAEB2A34-4696-82A6-D23F-B52A7C1208AE} = {C5A3B5EA-BE9F-76E5-E9B8-8A22B289B295}
		{187D0E8C-7C84-4C6C-90AE-B9E7D48E2AEE} = {CAEB2A34-4696-82A6-D23F-B52A7C1208AE}
		{7C7FE2D2-A95F-7EF0-55BF-37029BBDF0B5} = {C5A3B5EA-BE9F-76E5-E9B8-8A22B289B295}
		{8BDDBCD7-1F1C-41FC-9249-7639F1D278C8} = {7C7FE2D2-A95F-7EF0-55BF-37029BBDF0B5}
		{36DB75F6-FB23-A8D0-D8C2-E86A5932920B} = {C5A3B5EA-BE9F-76E5-E9B8-8A22B289B295}
		{0E3C66A0-E762-4E85-AFF0-D04556DB0C53} = {36DB75F6-FB23-A8D0-D8C2-E86A5932920B}
		{7828C020-3745-5D1B-B475-04384BF7AC45} = {C5A3B5EA-BE9F-76E5-E9B8-8A22B289B295}
		{EFBE249B-326F-4592-BF4D-753C0B527640} = {7828C020-3745-5D1B-B475-04384BF7AC45}
		{1066EE4E-A94E-4A56-BCEB-A54ECA50B841} = {C5A3B5EA-BE9F-76E5-E9B8-8A22B289B295}
		{A6DF6CE5-2F99-4BF5-B4BC-E729E287E440} = {1066EE4E-A94E-4A56-BCEB-A54ECA50B841}
		{17573A50-CB2A-9EF4-F390-2FB9FEC35C6E} = {C5A3B5EA-BE9F-76E5-E9B8-8A22B289B295}
		{AEA77F06-3D67-49C9-BA98-8D54F67A7054} = {17573A50-CB2A-9EF4-F390-2FB9FEC35C6E}
		{7666E21D-583E-E4FE-A88E-7F4FC790134B} = {0AB3BF05-4346-4AA6-1389-037BE0695223}
		{A6E3DCCB-A420-49EA-8D6C-3A90833917E5} = {7666E21D-583E-E4FE-A88E-7F4FC790134B}
	EndGlobalSection
EndGlobal
